{
  "name": "visudev-runner",
  "version": "1.0.2",
  "lockfileVersion": 3,
  "requires": true,
  "packages": {
    "": {
      "name": "visudev-runner",
      "version": "1.0.2",
      "bin": {
        "visudev-runner": "index.js"
      },
      "engines": {
        "node": ">=18"
      }
    }
  }
}
